
Microsoft Visual Studio Solution File, Format Version 12.00
# Visual Studio Version 17
VisualStudioVersion = 17.1.32228.430
MinimumVisualStudioVersion = 10.0.40219.1
Project("{FAE04EC0-301F-11D3-BF4B-00C04F79EFBC}") = "MicrosoftGitHubScanner", "MicrosoftGitHubScanner\MicrosoftGitHubScanner.csproj", "{3830B96B-E501-4492-8468-56F1E6FDE58C}"
EndProject
Global
	GlobalSection(SolutionConfigurationPlatforms) = preSolution
		Debug|Any CPU = Debug|Any CPU
		Release|Any CPU = Release|Any CPU
	EndGlobalSection
	GlobalSection(ProjectConfigurationPlatforms) = postSolution
		{3830B96B-E501-4492-8468-56F1E6FDE58C}.Debug|Any CPU.ActiveCfg = Debug|Any CPU
		{3830B96B-E501-4492-8468-56F1E6FDE58C}.Debug|Any CPU.Build.0 = Debug|Any CPU
		{3830B96B-E501-4492-8468-56F1E6FDE58C}.Release|Any CPU.ActiveCfg = Release|Any CPU
		{3830B96B-E501-4492-8468-56F1E6FDE58C}.Release|Any CPU.Build.0 = Release|Any CPU
	EndGlobalSection
	GlobalSection(SolutionProperties) = preSolution
		HideSolutionNode = FALSE
	EndGlobalSection
	GlobalSection(ExtensibilityGlobals) = postSolution
		SolutionGuid = {EC06A694-3B77-4F80-92BB-93A7A2D5BCB6}
	EndGlobalSection
EndGlobal
